{
    "name": "@eu-ge-ne/tunnel",
    "version": "1.0.1",
    "lockfileVersion": 1,
    "requires": true,
    "dependencies": {
        "@types/node": {
            "version": "12.12.6",
            "resolved": "https://registry.npmjs.org/@types/node/-/node-12.12.6.tgz",
            "integrity": "sha512-FjsYUPzEJdGXjwKqSpE0/9QEh6kzhTAeObA54rn6j3rR4C/mzpI9L0KNfoeASSPMMdxIsoJuCLDWcM/rVjIsSA==",
            "dev": true
        },
        "@types/ssh2": {
            "version": "0.5.39",
            "resolved": "https://registry.npmjs.org/@types/ssh2/-/ssh2-0.5.39.tgz",
            "integrity": "sha512-MtX4tr6Jtdn/JPVsQytjB/NBeOd7JfCyf/l79KOdkUYL+r4GXUXcySX1n8W4O61fnQdljTBXEPJJ2dhnGhi2xg==",
            "dev": true,
            "requires": {
                "@types/node": "*",
                "@types/ssh2-streams": "*"
            }
        },
        "@types/ssh2-streams": {
            "version": "0.1.6",
            "resolved": "https://registry.npmjs.org/@types/ssh2-streams/-/ssh2-streams-0.1.6.tgz",
            "integrity": "sha512-NB+SYftagfHTDPdgVyvSZCeg5MURyHECd/PycGIW9hwhnEbTFxIdDbFtf3jxUO3rRnfr0lfdtkZFiv28T1cAsg==",
            "dev": true,
            "requires": {
                "@types/node": "*"
            }
        },
        "asn1": {
            "version": "0.2.4",
            "resolved": "https://registry.npmjs.org/asn1/-/asn1-0.2.4.tgz",
            "integrity": "sha512-jxwzQpLQjSmWXgwaCZE9Nz+glAG01yF1QnWgbhGwHI5A6FRIEY6IVqtHhIepHqI7/kyEyQEagBC5mBEFlIYvdg==",
            "requires": {
                "safer-buffer": "~2.1.0"
            }
        },
        "bcrypt-pbkdf": {
            "version": "1.0.2",
            "resolved": "https://registry.npmjs.org/bcrypt-pbkdf/-/bcrypt-pbkdf-1.0.2.tgz",
            "integrity": "sha1-pDAdOJtqQ/m2f/PKEaP2Y342Dp4=",
            "requires": {
                "tweetnacl": "^0.14.3"
            }
        },
        "safer-buffer": {
            "version": "2.1.2",
            "resolved": "https://registry.npmjs.org/safer-buffer/-/safer-buffer-2.1.2.tgz",
            "integrity": "sha512-YZo3K82SD7Riyi0E1EQPojLz7kpepnSQI9IyPbHHg1XXXevb5dJI7tpyN2ADxGcQbHG7vcyRHk0cbwqcQriUtg=="
        },
        "ssh2": {
            "version": "0.8.7",
            "resolved": "https://registry.npmjs.org/ssh2/-/ssh2-0.8.7.tgz",
            "integrity": "sha512-/u1BO12kb0lDVxJXejWB9pxyF3/ncgRqI9vPCZuPzo05pdNDzqUeQRavScwSPsfMGK+5H/VRqp1IierIx0Bcxw==",
            "requires": {
                "ssh2-streams": "~0.4.8"
            }
        },
        "ssh2-streams": {
            "version": "0.4.8",
            "resolved": "https://registry.npmjs.org/ssh2-streams/-/ssh2-streams-0.4.8.tgz",
            "integrity": "sha512-auxXfgYySz2vYw7TMU7PK7vFI7EPvhvTH8/tZPgGaWocK4p/vwCMiV3icz9AEkb0R40kOKZtFtqYIxDJyJiytw==",
            "requires": {
                "asn1": "~0.2.0",
                "bcrypt-pbkdf": "^1.0.2",
                "streamsearch": "~0.1.2"
            }
        },
        "streamsearch": {
            "version": "0.1.2",
            "resolved": "https://registry.npmjs.org/streamsearch/-/streamsearch-0.1.2.tgz",
            "integrity": "sha1-gIudDlb8Jz2Am6VzOOkpkZoanxo="
        },
        "tweetnacl": {
            "version": "0.14.5",
            "resolved": "https://registry.npmjs.org/tweetnacl/-/tweetnacl-0.14.5.tgz",
            "integrity": "sha1-WuaBd/GS1EViadEIr6k/+HQ/T2Q="
        },
        "typescript": {
            "version": "3.7.4",
            "resolved": "https://registry.npmjs.org/typescript/-/typescript-3.7.4.tgz",
            "integrity": "sha512-A25xv5XCtarLwXpcDNZzCGvW2D1S3/bACratYBx2sax8PefsFhlYmkQicKHvpYflFS8if4zne5zT5kpJ7pzuvw==",
            "dev": true
        }
    }
}
